
Microsoft Visual Studio Solution File, Format Version 12.00
# Visual Studio Version 17
VisualStudioVersion = 17.0.31919.166
MinimumVisualStudioVersion = 10.0.40219.1
Project("{9A19103F-16F7-4668-BE54-9A1E7A4F7556}") = "GodotTests", "GodotTests.csproj", "{8D6FD73B-6457-4D5B-AA02-DC26FBAB1999}"
EndProject
Project("{2150E333-8FDC-42A3-9474-1A3956D46DE8}") = "Solution Items", "Solution Items", "{5BD6ADE4-7B2D-4E76-AC42-AB68BB1E1931}"
	ProjectSection(SolutionItems) = preProject
		..\.editorconfig = ..\.editorconfig
		godot.log = godot.log
		nuget.config = nuget.config
		project.godot = project.godot
	EndProjectSection
EndProject
Project("{9A19103F-16F7-4668-BE54-9A1E7A4F7556}") = "CustomGeneratorTests", "..\CustomGeneratorTests\CustomGeneratorTests.csproj", "{16EEA1DE-64CA-4778-9DA8-8499F5FE5464}"
EndProject
Global
	GlobalSection(SolutionConfigurationPlatforms) = preSolution
		Debug|Any CPU = Debug|Any CPU
		ExportDebug|Any CPU = ExportDebug|Any CPU
		ExportRelease|Any CPU = ExportRelease|Any CPU
	EndGlobalSection
	GlobalSection(ProjectConfigurationPlatforms) = postSolution
		{8D6FD73B-6457-4D5B-AA02-DC26FBAB1999}.Debug|Any CPU.ActiveCfg = Debug|Any CPU
		{8D6FD73B-6457-4D5B-AA02-DC26FBAB1999}.Debug|Any CPU.Build.0 = Debug|Any CPU
		{8D6FD73B-6457-4D5B-AA02-DC26FBAB1999}.ExportDebug|Any CPU.ActiveCfg = ExportDebug|Any CPU
		{8D6FD73B-6457-4D5B-AA02-DC26FBAB1999}.ExportDebug|Any CPU.Build.0 = ExportDebug|Any CPU
		{8D6FD73B-6457-4D5B-AA02-DC26FBAB1999}.ExportRelease|Any CPU.ActiveCfg = ExportRelease|Any CPU
		{8D6FD73B-6457-4D5B-AA02-DC26FBAB1999}.ExportRelease|Any CPU.Build.0 = ExportRelease|Any CPU
		{16EEA1DE-64CA-4778-9DA8-8499F5FE5464}.Debug|Any CPU.ActiveCfg = Debug|Any CPU
		{16EEA1DE-64CA-4778-9DA8-8499F5FE5464}.Debug|Any CPU.Build.0 = Debug|Any CPU
		{16EEA1DE-64CA-4778-9DA8-8499F5FE5464}.ExportDebug|Any CPU.ActiveCfg = Debug|Any CPU
		{16EEA1DE-64CA-4778-9DA8-8499F5FE5464}.ExportDebug|Any CPU.Build.0 = Debug|Any CPU
		{16EEA1DE-64CA-4778-9DA8-8499F5FE5464}.ExportRelease|Any CPU.ActiveCfg = Release|Any CPU
		{16EEA1DE-64CA-4778-9DA8-8499F5FE5464}.ExportRelease|Any CPU.Build.0 = Release|Any CPU
	EndGlobalSection
	GlobalSection(SolutionProperties) = preSolution
		HideSolutionNode = FALSE
	EndGlobalSection
	GlobalSection(ExtensibilityGlobals) = postSolution
		SolutionGuid = {6AC4423C-5628-4382-90C9-80AF88CA9D76}
	EndGlobalSection
EndGlobal
