
Microsoft Visual Studio Solution File, Format Version 12.00
# Visual Studio Version 17
VisualStudioVersion = 17.7.34202.233
MinimumVisualStudioVersion = 10.0.40219.1
Project("{9A19103F-16F7-4668-BE54-9A1E7A4F7556}") = "Godot 4.0 Tests", "Godot 4.0 Tests.csproj", "{1339B053-8BAD-4CDC-9FC1-D392A0D4F63B}"
EndProject
Project("{2150E333-8FDC-42A3-9474-1A3956D46DE8}") = "Solution Items", "Solution Items", "{98ED36E1-26F1-4468-9150-FF291FD8D864}"
	ProjectSection(SolutionItems) = preProject
		godot.log = godot.log
		project.godot = project.godot
	EndProjectSection
EndProject
Project("{9A19103F-16F7-4668-BE54-9A1E7A4F7556}") = "CustomGeneratorTests", "..\CustomGeneratorTests\CustomGeneratorTests.csproj", "{4D2F6B00-4656-4217-BCF4-221D2275DB3B}"
EndProject
Global
	GlobalSection(SolutionConfigurationPlatforms) = preSolution
		Debug|Any CPU = Debug|Any CPU
		ExportDebug|Any CPU = ExportDebug|Any CPU
		ExportRelease|Any CPU = ExportRelease|Any CPU
	EndGlobalSection
	GlobalSection(ProjectConfigurationPlatforms) = postSolution
		{1339B053-8BAD-4CDC-9FC1-D392A0D4F63B}.Debug|Any CPU.ActiveCfg = Debug|Any CPU
		{1339B053-8BAD-4CDC-9FC1-D392A0D4F63B}.Debug|Any CPU.Build.0 = Debug|Any CPU
		{1339B053-8BAD-4CDC-9FC1-D392A0D4F63B}.ExportDebug|Any CPU.ActiveCfg = ExportDebug|Any CPU
		{1339B053-8BAD-4CDC-9FC1-D392A0D4F63B}.ExportDebug|Any CPU.Build.0 = ExportDebug|Any CPU
		{1339B053-8BAD-4CDC-9FC1-D392A0D4F63B}.ExportRelease|Any CPU.ActiveCfg = ExportRelease|Any CPU
		{1339B053-8BAD-4CDC-9FC1-D392A0D4F63B}.ExportRelease|Any CPU.Build.0 = ExportRelease|Any CPU
		{4D2F6B00-4656-4217-BCF4-221D2275DB3B}.Debug|Any CPU.ActiveCfg = Debug|Any CPU
		{4D2F6B00-4656-4217-BCF4-221D2275DB3B}.Debug|Any CPU.Build.0 = Debug|Any CPU
		{4D2F6B00-4656-4217-BCF4-221D2275DB3B}.ExportDebug|Any CPU.ActiveCfg = Debug|Any CPU
		{4D2F6B00-4656-4217-BCF4-221D2275DB3B}.ExportDebug|Any CPU.Build.0 = Debug|Any CPU
		{4D2F6B00-4656-4217-BCF4-221D2275DB3B}.ExportRelease|Any CPU.ActiveCfg = Release|Any CPU
		{4D2F6B00-4656-4217-BCF4-221D2275DB3B}.ExportRelease|Any CPU.Build.0 = Release|Any CPU
	EndGlobalSection
	GlobalSection(SolutionProperties) = preSolution
		HideSolutionNode = FALSE
	EndGlobalSection
	GlobalSection(ExtensibilityGlobals) = postSolution
		SolutionGuid = {CA0BF972-870E-4E83-9CAB-B442F57D98F4}
	EndGlobalSection
EndGlobal
